
Microsoft Visual Studio Solution File, Format Version 12.00
# Visual Studio Version 17
VisualStudioVersion = 17.13.35806.99 d17.13
MinimumVisualStudioVersion = 10.0.40219.1
Project("{FAE04EC0-301F-11D3-BF4B-00C04F79EFBC}") = "DZ14", "DZ14\DZ14.csproj", "{CD430A78-8C70-4D04-996A-18C58A309204}"
EndProject
Global
	GlobalSection(SolutionConfigurationPlatforms) = preSolution
		Debug|Any CPU = Debug|Any CPU
		Release|Any CPU = Release|Any CPU
	EndGlobalSection
	GlobalSection(ProjectConfigurationPlatforms) = postSolution
		{CD430A78-8C70-4D04-996A-18C58A309204}.Debug|Any CPU.ActiveCfg = Debug|Any CPU
		{CD430A78-8C70-4D04-996A-18C58A309204}.Debug|Any CPU.Build.0 = Debug|Any CPU
		{CD430A78-8C70-4D04-996A-18C58A309204}.Release|Any CPU.ActiveCfg = Release|Any CPU
		{CD430A78-8C70-4D04-996A-18C58A309204}.Release|Any CPU.Build.0 = Release|Any CPU
	EndGlobalSection
	GlobalSection(SolutionProperties) = preSolution
		HideSolutionNode = FALSE
	EndGlobalSection
	GlobalSection(ExtensibilityGlobals) = postSolution
		SolutionGuid = {8BA9EAE4-13D2-4D0F-A886-7153D8775B18}
	EndGlobalSection
EndGlobal
